
Microsoft Visual Studio Solution File, Format Version 12.00
# Visual Studio Version 17
VisualStudioVersion = 17.3.32929.385
MinimumVisualStudioVersion = 10.0.40219.1
Project("{FAE04EC0-301F-11D3-BF4B-00C04F79EFBC}") = "Contador", "Contador.csproj", "{F08D6B55-9F88-47D1-96AD-C24BB7B3DF3C}"
EndProject
Global
	GlobalSection(SolutionConfigurationPlatforms) = preSolution
		Debug|Any CPU = Debug|Any CPU
		Release|Any CPU = Release|Any CPU
	EndGlobalSection
	GlobalSection(ProjectConfigurationPlatforms) = postSolution
		{F08D6B55-9F88-47D1-96AD-C24BB7B3DF3C}.Debug|Any CPU.ActiveCfg = Debug|Any CPU
		{F08D6B55-9F88-47D1-96AD-C24BB7B3DF3C}.Debug|Any CPU.Build.0 = Debug|Any CPU
		{F08D6B55-9F88-47D1-96AD-C24BB7B3DF3C}.Release|Any CPU.ActiveCfg = Release|Any CPU
		{F08D6B55-9F88-47D1-96AD-C24BB7B3DF3C}.Release|Any CPU.Build.0 = Release|Any CPU
	EndGlobalSection
	GlobalSection(SolutionProperties) = preSolution
		HideSolutionNode = FALSE
	EndGlobalSection
	GlobalSection(ExtensibilityGlobals) = postSolution
		SolutionGuid = {5872E759-4A7B-48F2-851F-6BAC4915C4DC}
	EndGlobalSection
EndGlobal
